Microsoft Visual Studio Solution File, Format Version 12.00
# Visual Studio Version 17
VisualStudioVersion = 17.5.2.0
MinimumVisualStudioVersion = 10.0.40219.1
Project("{FAE04EC0-301F-11D3-BF4B-00C04F79EFBC}") = "OrderProcessingApi", "OrderProcessingApi.csproj", "{76A52F02-9DEB-2623-B3EE-B9C7AC3FBC1F}"
EndProject
Project("{2150E333-8FDC-42A3-9474-1A3956D46DE8}") = "src", "src", "{8B98EB78-A810-4C1B-911B-873C1F88FAC0}"
EndProject
Project("{FAE04EC0-301F-11D3-BF4B-00C04F79EFBC}") = "InventoryGrpcService", "src\InventoryGrpcService\InventoryGrpcService.csproj", "{0FF66859-4834-4A3E-9626-7E37F2491A3C}"
EndProject
Project("{2150E333-8FDC-42A3-9474-1A3956D46DE8}") = "tests", "tests", "{68A85933-F6EE-4F17-8B05-1EE9C8ABE412}"
EndProject
Project("{FAE04EC0-301F-11D3-BF4B-00C04F79EFBC}") = "InventoryGrpcService.Tests", "tests\InventoryGrpcService.Tests\InventoryGrpcService.Tests.csproj", "{2BB83E65-78BB-44CB-BEAE-F69B5B8D72EB}"
EndProject
Project("{FAE04EC0-301F-11D3-BF4B-00C04F79EFBC}") = "OrderProcessingApi.Tests", "tests\OrderProcessingApi.Tests\OrderProcessingApi.Tests.csproj", "{6C87984D-87F2-4B3F-8A3E-F8E8D3BA3B9D}"
EndProject
Global
	GlobalSection(SolutionConfigurationPlatforms) = preSolution
		Debug|Any CPU = Debug|Any CPU
		Release|Any CPU = Release|Any CPU
	EndGlobalSection
	GlobalSection(ProjectConfigurationPlatforms) = postSolution
		{76A52F02-9DEB-2623-B3EE-B9C7AC3FBC1F}.Debug|Any CPU.ActiveCfg = Debug|Any CPU
		{76A52F02-9DEB-2623-B3EE-B9C7AC3FBC1F}.Debug|Any CPU.Build.0 = Debug|Any CPU
		{76A52F02-9DEB-2623-B3EE-B9C7AC3FBC1F}.Release|Any CPU.ActiveCfg = Release|Any CPU
		{76A52F02-9DEB-2623-B3EE-B9C7AC3FBC1F}.Release|Any CPU.Build.0 = Release|Any CPU
		{0FF66859-4834-4A3E-9626-7E37F2491A3C}.Debug|Any CPU.ActiveCfg = Debug|Any CPU
		{0FF66859-4834-4A3E-9626-7E37F2491A3C}.Debug|Any CPU.Build.0 = Debug|Any CPU
		{0FF66859-4834-4A3E-9626-7E37F2491A3C}.Release|Any CPU.ActiveCfg = Release|Any CPU
		{0FF66859-4834-4A3E-9626-7E37F2491A3C}.Release|Any CPU.Build.0 = Release|Any CPU
		{2BB83E65-78BB-44CB-BEAE-F69B5B8D72EB}.Debug|Any CPU.ActiveCfg = Debug|Any CPU
		{2BB83E65-78BB-44CB-BEAE-F69B5B8D72EB}.Debug|Any CPU.Build.0 = Debug|Any CPU
		{2BB83E65-78BB-44CB-BEAE-F69B5B8D72EB}.Release|Any CPU.ActiveCfg = Release|Any CPU
		{2BB83E65-78BB-44CB-BEAE-F69B5B8D72EB}.Release|Any CPU.Build.0 = Release|Any CPU
		{6C87984D-87F2-4B3F-8A3E-F8E8D3BA3B9D}.Debug|Any CPU.ActiveCfg = Debug|Any CPU
		{6C87984D-87F2-4B3F-8A3E-F8E8D3BA3B9D}.Debug|Any CPU.Build.0 = Debug|Any CPU
		{6C87984D-87F2-4B3F-8A3E-F8E8D3BA3B9D}.Release|Any CPU.ActiveCfg = Release|Any CPU
		{6C87984D-87F2-4B3F-8A3E-F8E8D3BA3B9D}.Release|Any CPU.Build.0 = Release|Any CPU
	EndGlobalSection
	GlobalSection(SolutionProperties) = preSolution
		HideSolutionNode = FALSE
	EndGlobalSection
	GlobalSection(ExtensibilityGlobals) = postSolution
		SolutionGuid = {8AD4F2DB-DC30-4C72-9F63-673D75FFBDFC}
	EndGlobalSection
	GlobalSection(NestedProjects) = preSolution
		{0FF66859-4834-4A3E-9626-7E37F2491A3C} = {8B98EB78-A810-4C1B-911B-873C1F88FAC0}
		{2BB83E65-78BB-44CB-BEAE-F69B5B8D72EB} = {68A85933-F6EE-4F17-8B05-1EE9C8ABE412}
		{6C87984D-87F2-4B3F-8A3E-F8E8D3BA3B9D} = {68A85933-F6EE-4F17-8B05-1EE9C8ABE412}
	EndGlobalSection
EndGlobal
